
Microsoft Visual Studio Solution File, Format Version 12.00
# Visual Studio Version 17
VisualStudioVersion = 17.5.002.0
MinimumVisualStudioVersion = 10.0.40219.1
Project("{9A19103F-16F7-4668-BE54-9A1E7A4F7556}") = "PI - Vini beta login", "PI - Vini beta login.csproj", "{953E43D5-693C-44E0-8BDC-EBEC2B345141}"
EndProject
Global
	GlobalSection(SolutionConfigurationPlatforms) = preSolution
		Debug|Any CPU = Debug|Any CPU
		Release|Any CPU = Release|Any CPU
	EndGlobalSection
	GlobalSection(ProjectConfigurationPlatforms) = postSolution
		{953E43D5-693C-44E0-8BDC-EBEC2B345141}.Debug|Any CPU.ActiveCfg = Debug|Any CPU
		{953E43D5-693C-44E0-8BDC-EBEC2B345141}.Debug|Any CPU.Build.0 = Debug|Any CPU
		{953E43D5-693C-44E0-8BDC-EBEC2B345141}.Release|Any CPU.ActiveCfg = Release|Any CPU
		{953E43D5-693C-44E0-8BDC-EBEC2B345141}.Release|Any CPU.Build.0 = Release|Any CPU
	EndGlobalSection
	GlobalSection(SolutionProperties) = preSolution
		HideSolutionNode = FALSE
	EndGlobalSection
	GlobalSection(ExtensibilityGlobals) = postSolution
		SolutionGuid = {46D445CC-B81F-475F-8E05-1ECBC439C967}
	EndGlobalSection
EndGlobal
